
Microsoft Visual Studio Solution File, Format Version 12.00
# Visual Studio 15
VisualStudioVersion = 15.0.28307.421
MinimumVisualStudioVersion = 10.0.40219.1
Project("{2150E333-8FDC-42A3-9474-1A3956D46DE8}") = "OwinLibs", "OwinLibs", "{FD12D493-4455-400E-B49D-E7F2AFC912CB}"
EndProject
Project("{FAE04EC0-301F-11D3-BF4B-00C04F79EFBC}") = "Microsoft.Owin", "OwinLibs\Microsoft.Owin\Microsoft.Owin.csproj", "{0DB69CAE-B0BC-4688-9467-66B4C1023D3F}"
EndProject
Project("{FAE04EC0-301F-11D3-BF4B-00C04F79EFBC}") = "Microsoft.Owin.Host.SystemWeb", "OwinLibs\Microsoft.Owin.Host.SystemWeb\Microsoft.Owin.Host.SystemWeb.csproj", "{9F0C72D8-E43F-4F01-9DEB-9E8FE0AE179E}"
EndProject
Project("{FAE04EC0-301F-11D3-BF4B-00C04F79EFBC}") = "OwinApp", "OwinApp\OwinApp.csproj", "{8420B0EE-D2F2-4761-A11D-F2137CFCD355}"
EndProject
Project("{FAE04EC0-301F-11D3-BF4B-00C04F79EFBC}") = "Microsoft.Owin.Hosting", "OwinLibs\Microsoft.Owin.Hosting\Microsoft.Owin.Hosting.csproj", "{C225EB2F-E7A7-463F-B058-1705F204978E}"
EndProject
Project("{FAE04EC0-301F-11D3-BF4B-00C04F79EFBC}") = "Microsoft.Owin.Host.HttpListener", "OwinLibs\Microsoft.Owin.Host.HttpListener\Microsoft.Owin.Host.HttpListener.csproj", "{9F0C72D8-E43F-4F01-9DEB-919191911919}"
EndProject
Project("{2150E333-8FDC-42A3-9474-1A3956D46DE8}") = "AspNetStack", "AspNetStack", "{AE8484B6-E62A-45C9-84B4-911BCA11E13E}"
EndProject
Project("{FAE04EC0-301F-11D3-BF4B-00C04F79EFBC}") = "System.Web.Http", "AspNetStack\System.Web.Http\System.Web.Http.csproj", "{DDC1CE0C-486E-4E35-BB3B-EAB61F8F9440}"
EndProject
Project("{FAE04EC0-301F-11D3-BF4B-00C04F79EFBC}") = "System.Net.Http.Formatting", "AspNetStack\System.Net.Http.Formatting\System.Net.Http.Formatting.csproj", "{668E9021-CE84-49D9-98FB-DF125A9FCDB0}"
EndProject
Project("{FAE04EC0-301F-11D3-BF4B-00C04F79EFBC}") = "System.Web.Http.WebHost", "AspNetStack\System.Web.Http.WebHost\System.Web.Http.WebHost.csproj", "{A0187BC2-8325-4BB2-8697-7F955CF4173E}"
EndProject
Project("{FAE04EC0-301F-11D3-BF4B-00C04F79EFBC}") = "System.Web.Http.SelfHost", "AspNetStack\System.Web.Http.SelfHost\System.Web.Http.SelfHost.csproj", "{66492E69-CE4C-4FB1-9B1F-88DEE09D06F1}"
EndProject
Project("{FAE04EC0-301F-11D3-BF4B-00C04F79EFBC}") = "System.Web.Http.Owin", "AspNetStack\System.Web.Http.Owin\System.Web.Http.Owin.csproj", "{66DD7CD7-C68F-4D0E-9F3D-3B58C49D1467}"
EndProject
Project("{FAE04EC0-301F-11D3-BF4B-00C04F79EFBC}") = "OwinWebApiWebHost", "OwinWebApiWebHost\OwinWebApiWebHost.csproj", "{3DDD98AC-4791-4DAE-A415-309420B17559}"
EndProject
Project("{FAE04EC0-301F-11D3-BF4B-00C04F79EFBC}") = "OwinWebApiSelfHost", "WebApiSelfHost\OwinWebApiSelfHost.csproj", "{C979752F-AA5B-45AA-ADFC-B0631FE4A12F}"
EndProject
Project("{FAE04EC0-301F-11D3-BF4B-00C04F79EFBC}") = "WebApiWebHost", "WebApiWebHost\WebApiWebHost.csproj", "{97967435-5512-4A77-91F1-1938D4834A27}"
EndProject
Project("{FAE04EC0-301F-11D3-BF4B-00C04F79EFBC}") = "OAuthServer", "OAuthServer\OAuthServer.csproj", "{958BB2F0-9EA8-4F35-8E2B-51F841DEC796}"
EndProject
Project("{FAE04EC0-301F-11D3-BF4B-00C04F79EFBC}") = "Microsoft.Owin.Security", "OwinLibs\Microsoft.Owin.Security\Microsoft.Owin.Security.csproj", "{AAAF8157-1E33-4D6C-8319-3B304D018005}"
EndProject
Project("{FAE04EC0-301F-11D3-BF4B-00C04F79EFBC}") = "OAuthResourceApi", "OAuthResourceApi\OAuthResourceApi.csproj", "{281DF994-DE92-48D9-9803-311B63BA2950}"
EndProject
Project("{2150E333-8FDC-42A3-9474-1A3956D46DE8}") = "OAuthClients", "OAuthClients", "{D3936F7C-DE1B-44BA-850A-9BFDF3E68297}"
EndProject
Project("{FAE04EC0-301F-11D3-BF4B-00C04F79EFBC}") = "ResourceOwnerPasswordCredentialGrant", "OAuthClients\ResourceOwnerPasswordCredentialGrant\ResourceOwnerPasswordCredentialGrant.csproj", "{1CA98868-95B9-49F8-9EA4-8EE80659B311}"
EndProject
Project("{FAE04EC0-301F-11D3-BF4B-00C04F79EFBC}") = "ImplicitGrant", "OAuthClients\ImplicitGrant\ImplicitGrant.csproj", "{ED6B4E9F-7AB3-4580-897D-A732A44D9EEE}"
EndProject
Project("{FAE04EC0-301F-11D3-BF4B-00C04F79EFBC}") = "ClientCredentialGrant", "OAuthClients\ClientCredentialGrant\ClientCredentialGrant.csproj", "{0842D0D1-DEA3-4289-A9A6-B7613D63AAB6}"
EndProject
Project("{FAE04EC0-301F-11D3-BF4B-00C04F79EFBC}") = "AuthorizationCodeGrant", "OAuthClients\AuthorizationCodeGrant\AuthorizationCodeGrant.csproj", "{AE4B24BC-76D0-4407-9213-8006025C06CC}"
EndProject
Project("{FAE04EC0-301F-11D3-BF4B-00C04F79EFBC}") = "Constants", "OAuthClients\Constants\Constants.csproj", "{0C35C99A-514B-4A28-95E0-A591315AFE0D}"
EndProject
Project("{FAE04EC0-301F-11D3-BF4B-00C04F79EFBC}") = "Microsoft.Owin.Security.Cookies", "OwinLibs\Microsoft.Owin.Security.Cookies\Microsoft.Owin.Security.Cookies.csproj", "{2FB9342F-CA85-4903-8667-45ED64AD25A6}"
EndProject
Project("{FAE04EC0-301F-11D3-BF4B-00C04F79EFBC}") = "Microsoft.Owin.Security.OAuth", "OwinLibs\Microsoft.Owin.Security.OAuth\Microsoft.Owin.Security.OAuth.csproj", "{F71E48D0-115A-4105-B332-FCCB2139DC23}"
EndProject
Project("{FAE04EC0-301F-11D3-BF4B-00C04F79EFBC}") = "Microsoft.Owin.Cors", "OwinLibs\Microsoft.Owin.Cors\Microsoft.Owin.Cors.csproj", "{CD4593FD-F70C-4485-ACAD-AC69DAD1BBB1}"
EndProject
Project("{FAE04EC0-301F-11D3-BF4B-00C04F79EFBC}") = "Microsoft.Owin.Security.Google", "OwinLibs\Microsoft.Owin.Security.Google\Microsoft.Owin.Security.Google.csproj", "{1F46BC62-A011-4B63-A5C6-51AEE2EF538D}"
EndProject
Project("{FAE04EC0-301F-11D3-BF4B-00C04F79EFBC}") = "OwinWebApiWebHostWithoutWebApiApplication", "OwinWebApiWebHost2\OwinWebApiWebHostWithoutWebApiApplication.csproj", "{C83AE022-DD5A-49BD-8E9D-A947190AF920}"
EndProject
Global
	GlobalSection(SolutionConfigurationPlatforms) = preSolution
		CodeAnalysis|Any CPU = CodeAnalysis|Any CPU
		Debug|Any CPU = Debug|Any CPU
		Release|Any CPU = Release|Any CPU
	EndGlobalSection
	GlobalSection(ProjectConfigurationPlatforms) = postSolution
		{0DB69CAE-B0BC-4688-9467-66B4C1023D3F}.CodeAnalysis|Any CPU.ActiveCfg = Release|Any CPU
		{0DB69CAE-B0BC-4688-9467-66B4C1023D3F}.CodeAnalysis|Any CPU.Build.0 = Release|Any CPU
		{0DB69CAE-B0BC-4688-9467-66B4C1023D3F}.Debug|Any CPU.ActiveCfg = Debug|Any CPU
		{0DB69CAE-B0BC-4688-9467-66B4C1023D3F}.Debug|Any CPU.Build.0 = Debug|Any CPU
		{0DB69CAE-B0BC-4688-9467-66B4C1023D3F}.Release|Any CPU.ActiveCfg = Release|Any CPU
		{0DB69CAE-B0BC-4688-9467-66B4C1023D3F}.Release|Any CPU.Build.0 = Release|Any CPU
		{9F0C72D8-E43F-4F01-9DEB-9E8FE0AE179E}.CodeAnalysis|Any CPU.ActiveCfg = Release|Any CPU
		{9F0C72D8-E43F-4F01-9DEB-9E8FE0AE179E}.CodeAnalysis|Any CPU.Build.0 = Release|Any CPU
		{9F0C72D8-E43F-4F01-9DEB-9E8FE0AE179E}.Debug|Any CPU.ActiveCfg = Debug|Any CPU
		{9F0C72D8-E43F-4F01-9DEB-9E8FE0AE179E}.Debug|Any CPU.Build.0 = Debug|Any CPU
		{9F0C72D8-E43F-4F01-9DEB-9E8FE0AE179E}.Release|Any CPU.ActiveCfg = Release|Any CPU
		{9F0C72D8-E43F-4F01-9DEB-9E8FE0AE179E}.Release|Any CPU.Build.0 = Release|Any CPU
		{8420B0EE-D2F2-4761-A11D-F2137CFCD355}.CodeAnalysis|Any CPU.ActiveCfg = Release|Any CPU
		{8420B0EE-D2F2-4761-A11D-F2137CFCD355}.CodeAnalysis|Any CPU.Build.0 = Release|Any CPU
		{8420B0EE-D2F2-4761-A11D-F2137CFCD355}.Debug|Any CPU.ActiveCfg = Debug|Any CPU
		{8420B0EE-D2F2-4761-A11D-F2137CFCD355}.Debug|Any CPU.Build.0 = Debug|Any CPU
		{8420B0EE-D2F2-4761-A11D-F2137CFCD355}.Release|Any CPU.ActiveCfg = Release|Any CPU
		{8420B0EE-D2F2-4761-A11D-F2137CFCD355}.Release|Any CPU.Build.0 = Release|Any CPU
		{C225EB2F-E7A7-463F-B058-1705F204978E}.CodeAnalysis|Any CPU.ActiveCfg = Release|Any CPU
		{C225EB2F-E7A7-463F-B058-1705F204978E}.CodeAnalysis|Any CPU.Build.0 = Release|Any CPU
		{C225EB2F-E7A7-463F-B058-1705F204978E}.Debug|Any CPU.ActiveCfg = Debug|Any CPU
		{C225EB2F-E7A7-463F-B058-1705F204978E}.Debug|Any CPU.Build.0 = Debug|Any CPU
		{C225EB2F-E7A7-463F-B058-1705F204978E}.Release|Any CPU.ActiveCfg = Release|Any CPU
		{C225EB2F-E7A7-463F-B058-1705F204978E}.Release|Any CPU.Build.0 = Release|Any CPU
		{9F0C72D8-E43F-4F01-9DEB-919191911919}.CodeAnalysis|Any CPU.ActiveCfg = Release|Any CPU
		{9F0C72D8-E43F-4F01-9DEB-919191911919}.CodeAnalysis|Any CPU.Build.0 = Release|Any CPU
		{9F0C72D8-E43F-4F01-9DEB-919191911919}.Debug|Any CPU.ActiveCfg = Debug|Any CPU
		{9F0C72D8-E43F-4F01-9DEB-919191911919}.Debug|Any CPU.Build.0 = Debug|Any CPU
		{9F0C72D8-E43F-4F01-9DEB-919191911919}.Release|Any CPU.ActiveCfg = Release|Any CPU
		{9F0C72D8-E43F-4F01-9DEB-919191911919}.Release|Any CPU.Build.0 = Release|Any CPU
		{DDC1CE0C-486E-4E35-BB3B-EAB61F8F9440}.CodeAnalysis|Any CPU.ActiveCfg = CodeAnalysis|Any CPU
		{DDC1CE0C-486E-4E35-BB3B-EAB61F8F9440}.CodeAnalysis|Any CPU.Build.0 = CodeAnalysis|Any CPU
		{DDC1CE0C-486E-4E35-BB3B-EAB61F8F9440}.Debug|Any CPU.ActiveCfg = Debug|Any CPU
		{DDC1CE0C-486E-4E35-BB3B-EAB61F8F9440}.Debug|Any CPU.Build.0 = Debug|Any CPU
		{DDC1CE0C-486E-4E35-BB3B-EAB61F8F9440}.Release|Any CPU.ActiveCfg = Release|Any CPU
		{DDC1CE0C-486E-4E35-BB3B-EAB61F8F9440}.Release|Any CPU.Build.0 = Release|Any CPU
		{668E9021-CE84-49D9-98FB-DF125A9FCDB0}.CodeAnalysis|Any CPU.ActiveCfg = CodeAnalysis|Any CPU
		{668E9021-CE84-49D9-98FB-DF125A9FCDB0}.CodeAnalysis|Any CPU.Build.0 = CodeAnalysis|Any CPU
		{668E9021-CE84-49D9-98FB-DF125A9FCDB0}.Debug|Any CPU.ActiveCfg = Debug|Any CPU
		{668E9021-CE84-49D9-98FB-DF125A9FCDB0}.Debug|Any CPU.Build.0 = Debug|Any CPU
		{668E9021-CE84-49D9-98FB-DF125A9FCDB0}.Release|Any CPU.ActiveCfg = Release|Any CPU
		{668E9021-CE84-49D9-98FB-DF125A9FCDB0}.Release|Any CPU.Build.0 = Release|Any CPU
		{A0187BC2-8325-4BB2-8697-7F955CF4173E}.CodeAnalysis|Any CPU.ActiveCfg = CodeAnalysis|Any CPU
		{A0187BC2-8325-4BB2-8697-7F955CF4173E}.CodeAnalysis|Any CPU.Build.0 = CodeAnalysis|Any CPU
		{A0187BC2-8325-4BB2-8697-7F955CF4173E}.Debug|Any CPU.ActiveCfg = Debug|Any CPU
		{A0187BC2-8325-4BB2-8697-7F955CF4173E}.Debug|Any CPU.Build.0 = Debug|Any CPU
		{A0187BC2-8325-4BB2-8697-7F955CF4173E}.Release|Any CPU.ActiveCfg = Release|Any CPU
		{A0187BC2-8325-4BB2-8697-7F955CF4173E}.Release|Any CPU.Build.0 = Release|Any CPU
		{66492E69-CE4C-4FB1-9B1F-88DEE09D06F1}.CodeAnalysis|Any CPU.ActiveCfg = CodeAnalysis|Any CPU
		{66492E69-CE4C-4FB1-9B1F-88DEE09D06F1}.CodeAnalysis|Any CPU.Build.0 = CodeAnalysis|Any CPU
		{66492E69-CE4C-4FB1-9B1F-88DEE09D06F1}.Debug|Any CPU.ActiveCfg = Debug|Any CPU
		{66492E69-CE4C-4FB1-9B1F-88DEE09D06F1}.Debug|Any CPU.Build.0 = Debug|Any CPU
		{66492E69-CE4C-4FB1-9B1F-88DEE09D06F1}.Release|Any CPU.ActiveCfg = Release|Any CPU
		{66492E69-CE4C-4FB1-9B1F-88DEE09D06F1}.Release|Any CPU.Build.0 = Release|Any CPU
		{66DD7CD7-C68F-4D0E-9F3D-3B58C49D1467}.CodeAnalysis|Any CPU.ActiveCfg = CodeAnalysis|Any CPU
		{66DD7CD7-C68F-4D0E-9F3D-3B58C49D1467}.CodeAnalysis|Any CPU.Build.0 = CodeAnalysis|Any CPU
		{66DD7CD7-C68F-4D0E-9F3D-3B58C49D1467}.Debug|Any CPU.ActiveCfg = Debug|Any CPU
		{66DD7CD7-C68F-4D0E-9F3D-3B58C49D1467}.Debug|Any CPU.Build.0 = Debug|Any CPU
		{66DD7CD7-C68F-4D0E-9F3D-3B58C49D1467}.Release|Any CPU.ActiveCfg = Release|Any CPU
		{66DD7CD7-C68F-4D0E-9F3D-3B58C49D1467}.Release|Any CPU.Build.0 = Release|Any CPU
		{3DDD98AC-4791-4DAE-A415-309420B17559}.CodeAnalysis|Any CPU.ActiveCfg = Release|Any CPU
		{3DDD98AC-4791-4DAE-A415-309420B17559}.CodeAnalysis|Any CPU.Build.0 = Release|Any CPU
		{3DDD98AC-4791-4DAE-A415-309420B17559}.Debug|Any CPU.ActiveCfg = Debug|Any CPU
		{3DDD98AC-4791-4DAE-A415-309420B17559}.Debug|Any CPU.Build.0 = Debug|Any CPU
		{3DDD98AC-4791-4DAE-A415-309420B17559}.Release|Any CPU.ActiveCfg = Release|Any CPU
		{3DDD98AC-4791-4DAE-A415-309420B17559}.Release|Any CPU.Build.0 = Release|Any CPU
		{C979752F-AA5B-45AA-ADFC-B0631FE4A12F}.CodeAnalysis|Any CPU.ActiveCfg = Release|Any CPU
		{C979752F-AA5B-45AA-ADFC-B0631FE4A12F}.CodeAnalysis|Any CPU.Build.0 = Release|Any CPU
		{C979752F-AA5B-45AA-ADFC-B0631FE4A12F}.Debug|Any CPU.ActiveCfg = Debug|Any CPU
		{C979752F-AA5B-45AA-ADFC-B0631FE4A12F}.Debug|Any CPU.Build.0 = Debug|Any CPU
		{C979752F-AA5B-45AA-ADFC-B0631FE4A12F}.Release|Any CPU.ActiveCfg = Release|Any CPU
		{C979752F-AA5B-45AA-ADFC-B0631FE4A12F}.Release|Any CPU.Build.0 = Release|Any CPU
		{97967435-5512-4A77-91F1-1938D4834A27}.CodeAnalysis|Any CPU.ActiveCfg = Release|Any CPU
		{97967435-5512-4A77-91F1-1938D4834A27}.CodeAnalysis|Any CPU.Build.0 = Release|Any CPU
		{97967435-5512-4A77-91F1-1938D4834A27}.Debug|Any CPU.ActiveCfg = Debug|Any CPU
		{97967435-5512-4A77-91F1-1938D4834A27}.Debug|Any CPU.Build.0 = Debug|Any CPU
		{97967435-5512-4A77-91F1-1938D4834A27}.Release|Any CPU.ActiveCfg = Release|Any CPU
		{97967435-5512-4A77-91F1-1938D4834A27}.Release|Any CPU.Build.0 = Release|Any CPU
		{958BB2F0-9EA8-4F35-8E2B-51F841DEC796}.CodeAnalysis|Any CPU.ActiveCfg = Release|Any CPU
		{958BB2F0-9EA8-4F35-8E2B-51F841DEC796}.CodeAnalysis|Any CPU.Build.0 = Release|Any CPU
		{958BB2F0-9EA8-4F35-8E2B-51F841DEC796}.Debug|Any CPU.ActiveCfg = Debug|Any CPU
		{958BB2F0-9EA8-4F35-8E2B-51F841DEC796}.Debug|Any CPU.Build.0 = Debug|Any CPU
		{958BB2F0-9EA8-4F35-8E2B-51F841DEC796}.Release|Any CPU.ActiveCfg = Release|Any CPU
		{958BB2F0-9EA8-4F35-8E2B-51F841DEC796}.Release|Any CPU.Build.0 = Release|Any CPU
		{AAAF8157-1E33-4D6C-8319-3B304D018005}.CodeAnalysis|Any CPU.ActiveCfg = Release|Any CPU
		{AAAF8157-1E33-4D6C-8319-3B304D018005}.CodeAnalysis|Any CPU.Build.0 = Release|Any CPU
		{AAAF8157-1E33-4D6C-8319-3B304D018005}.Debug|Any CPU.ActiveCfg = Debug|Any CPU
		{AAAF8157-1E33-4D6C-8319-3B304D018005}.Debug|Any CPU.Build.0 = Debug|Any CPU
		{AAAF8157-1E33-4D6C-8319-3B304D018005}.Release|Any CPU.ActiveCfg = Release|Any CPU
		{AAAF8157-1E33-4D6C-8319-3B304D018005}.Release|Any CPU.Build.0 = Release|Any CPU
		{281DF994-DE92-48D9-9803-311B63BA2950}.CodeAnalysis|Any CPU.ActiveCfg = Release|Any CPU
		{281DF994-DE92-48D9-9803-311B63BA2950}.CodeAnalysis|Any CPU.Build.0 = Release|Any CPU
		{281DF994-DE92-48D9-9803-311B63BA2950}.Debug|Any CPU.ActiveCfg = Debug|Any CPU
		{281DF994-DE92-48D9-9803-311B63BA2950}.Debug|Any CPU.Build.0 = Debug|Any CPU
		{281DF994-DE92-48D9-9803-311B63BA2950}.Release|Any CPU.ActiveCfg = Release|Any CPU
		{281DF994-DE92-48D9-9803-311B63BA2950}.Release|Any CPU.Build.0 = Release|Any CPU
		{1CA98868-95B9-49F8-9EA4-8EE80659B311}.CodeAnalysis|Any CPU.ActiveCfg = Release|Any CPU
		{1CA98868-95B9-49F8-9EA4-8EE80659B311}.CodeAnalysis|Any CPU.Build.0 = Release|Any CPU
		{1CA98868-95B9-49F8-9EA4-8EE80659B311}.Debug|Any CPU.ActiveCfg = Debug|Any CPU
		{1CA98868-95B9-49F8-9EA4-8EE80659B311}.Debug|Any CPU.Build.0 = Debug|Any CPU
		{1CA98868-95B9-49F8-9EA4-8EE80659B311}.Release|Any CPU.ActiveCfg = Release|Any CPU
		{1CA98868-95B9-49F8-9EA4-8EE80659B311}.Release|Any CPU.Build.0 = Release|Any CPU
		{ED6B4E9F-7AB3-4580-897D-A732A44D9EEE}.CodeAnalysis|Any CPU.ActiveCfg = Release|Any CPU
		{ED6B4E9F-7AB3-4580-897D-A732A44D9EEE}.CodeAnalysis|Any CPU.Build.0 = Release|Any CPU
		{ED6B4E9F-7AB3-4580-897D-A732A44D9EEE}.Debug|Any CPU.ActiveCfg = Debug|Any CPU
		{ED6B4E9F-7AB3-4580-897D-A732A44D9EEE}.Debug|Any CPU.Build.0 = Debug|Any CPU
		{ED6B4E9F-7AB3-4580-897D-A732A44D9EEE}.Release|Any CPU.ActiveCfg = Release|Any CPU
		{ED6B4E9F-7AB3-4580-897D-A732A44D9EEE}.Release|Any CPU.Build.0 = Release|Any CPU
		{0842D0D1-DEA3-4289-A9A6-B7613D63AAB6}.CodeAnalysis|Any CPU.ActiveCfg = Release|Any CPU
		{0842D0D1-DEA3-4289-A9A6-B7613D63AAB6}.CodeAnalysis|Any CPU.Build.0 = Release|Any CPU
		{0842D0D1-DEA3-4289-A9A6-B7613D63AAB6}.Debug|Any CPU.ActiveCfg = Debug|Any CPU
		{0842D0D1-DEA3-4289-A9A6-B7613D63AAB6}.Debug|Any CPU.Build.0 = Debug|Any CPU
		{0842D0D1-DEA3-4289-A9A6-B7613D63AAB6}.Release|Any CPU.ActiveCfg = Release|Any CPU
		{0842D0D1-DEA3-4289-A9A6-B7613D63AAB6}.Release|Any CPU.Build.0 = Release|Any CPU
		{AE4B24BC-76D0-4407-9213-8006025C06CC}.CodeAnalysis|Any CPU.ActiveCfg = Release|Any CPU
		{AE4B24BC-76D0-4407-9213-8006025C06CC}.CodeAnalysis|Any CPU.Build.0 = Release|Any CPU
		{AE4B24BC-76D0-4407-9213-8006025C06CC}.Debug|Any CPU.ActiveCfg = Debug|Any CPU
		{AE4B24BC-76D0-4407-9213-8006025C06CC}.Debug|Any CPU.Build.0 = Debug|Any CPU
		{AE4B24BC-76D0-4407-9213-8006025C06CC}.Release|Any CPU.ActiveCfg = Release|Any CPU
		{AE4B24BC-76D0-4407-9213-8006025C06CC}.Release|Any CPU.Build.0 = Release|Any CPU
		{0C35C99A-514B-4A28-95E0-A591315AFE0D}.CodeAnalysis|Any CPU.ActiveCfg = Release|Any CPU
		{0C35C99A-514B-4A28-95E0-A591315AFE0D}.CodeAnalysis|Any CPU.Build.0 = Release|Any CPU
		{0C35C99A-514B-4A28-95E0-A591315AFE0D}.Debug|Any CPU.ActiveCfg = Debug|Any CPU
		{0C35C99A-514B-4A28-95E0-A591315AFE0D}.Debug|Any CPU.Build.0 = Debug|Any CPU
		{0C35C99A-514B-4A28-95E0-A591315AFE0D}.Release|Any CPU.ActiveCfg = Release|Any CPU
		{0C35C99A-514B-4A28-95E0-A591315AFE0D}.Release|Any CPU.Build.0 = Release|Any CPU
		{2FB9342F-CA85-4903-8667-45ED64AD25A6}.CodeAnalysis|Any CPU.ActiveCfg = Release|Any CPU
		{2FB9342F-CA85-4903-8667-45ED64AD25A6}.CodeAnalysis|Any CPU.Build.0 = Release|Any CPU
		{2FB9342F-CA85-4903-8667-45ED64AD25A6}.Debug|Any CPU.ActiveCfg = Debug|Any CPU
		{2FB9342F-CA85-4903-8667-45ED64AD25A6}.Debug|Any CPU.Build.0 = Debug|Any CPU
		{2FB9342F-CA85-4903-8667-45ED64AD25A6}.Release|Any CPU.ActiveCfg = Release|Any CPU
		{2FB9342F-CA85-4903-8667-45ED64AD25A6}.Release|Any CPU.Build.0 = Release|Any CPU
		{F71E48D0-115A-4105-B332-FCCB2139DC23}.CodeAnalysis|Any CPU.ActiveCfg = Release|Any CPU
		{F71E48D0-115A-4105-B332-FCCB2139DC23}.CodeAnalysis|Any CPU.Build.0 = Release|Any CPU
		{F71E48D0-115A-4105-B332-FCCB2139DC23}.Debug|Any CPU.ActiveCfg = Debug|Any CPU
		{F71E48D0-115A-4105-B332-FCCB2139DC23}.Debug|Any CPU.Build.0 = Debug|Any CPU
		{F71E48D0-115A-4105-B332-FCCB2139DC23}.Release|Any CPU.ActiveCfg = Release|Any CPU
		{F71E48D0-115A-4105-B332-FCCB2139DC23}.Release|Any CPU.Build.0 = Release|Any CPU
		{CD4593FD-F70C-4485-ACAD-AC69DAD1BBB1}.CodeAnalysis|Any CPU.ActiveCfg = Release|Any CPU
		{CD4593FD-F70C-4485-ACAD-AC69DAD1BBB1}.CodeAnalysis|Any CPU.Build.0 = Release|Any CPU
		{CD4593FD-F70C-4485-ACAD-AC69DAD1BBB1}.Debug|Any CPU.ActiveCfg = Debug|Any CPU
		{CD4593FD-F70C-4485-ACAD-AC69DAD1BBB1}.Debug|Any CPU.Build.0 = Debug|Any CPU
		{CD4593FD-F70C-4485-ACAD-AC69DAD1BBB1}.Release|Any CPU.ActiveCfg = Release|Any CPU
		{CD4593FD-F70C-4485-ACAD-AC69DAD1BBB1}.Release|Any CPU.Build.0 = Release|Any CPU
		{1F46BC62-A011-4B63-A5C6-51AEE2EF538D}.CodeAnalysis|Any CPU.ActiveCfg = Release|Any CPU
		{1F46BC62-A011-4B63-A5C6-51AEE2EF538D}.CodeAnalysis|Any CPU.Build.0 = Release|Any CPU
		{1F46BC62-A011-4B63-A5C6-51AEE2EF538D}.Debug|Any CPU.ActiveCfg = Debug|Any CPU
		{1F46BC62-A011-4B63-A5C6-51AEE2EF538D}.Debug|Any CPU.Build.0 = Debug|Any CPU
		{1F46BC62-A011-4B63-A5C6-51AEE2EF538D}.Release|Any CPU.ActiveCfg = Release|Any CPU
		{1F46BC62-A011-4B63-A5C6-51AEE2EF538D}.Release|Any CPU.Build.0 = Release|Any CPU
		{C83AE022-DD5A-49BD-8E9D-A947190AF920}.CodeAnalysis|Any CPU.ActiveCfg = Release|Any CPU
		{C83AE022-DD5A-49BD-8E9D-A947190AF920}.CodeAnalysis|Any CPU.Build.0 = Release|Any CPU
		{C83AE022-DD5A-49BD-8E9D-A947190AF920}.Debug|Any CPU.ActiveCfg = Debug|Any CPU
		{C83AE022-DD5A-49BD-8E9D-A947190AF920}.Debug|Any CPU.Build.0 = Debug|Any CPU
		{C83AE022-DD5A-49BD-8E9D-A947190AF920}.Release|Any CPU.ActiveCfg = Release|Any CPU
		{C83AE022-DD5A-49BD-8E9D-A947190AF920}.Release|Any CPU.Build.0 = Release|Any CPU
	EndGlobalSection
	GlobalSection(SolutionProperties) = preSolution
		HideSolutionNode = FALSE
	EndGlobalSection
	GlobalSection(NestedProjects) = preSolution
		{0DB69CAE-B0BC-4688-9467-66B4C1023D3F} = {FD12D493-4455-400E-B49D-E7F2AFC912CB}
		{9F0C72D8-E43F-4F01-9DEB-9E8FE0AE179E} = {FD12D493-4455-400E-B49D-E7F2AFC912CB}
		{C225EB2F-E7A7-463F-B058-1705F204978E} = {FD12D493-4455-400E-B49D-E7F2AFC912CB}
		{9F0C72D8-E43F-4F01-9DEB-919191911919} = {FD12D493-4455-400E-B49D-E7F2AFC912CB}
		{DDC1CE0C-486E-4E35-BB3B-EAB61F8F9440} = {AE8484B6-E62A-45C9-84B4-911BCA11E13E}
		{668E9021-CE84-49D9-98FB-DF125A9FCDB0} = {AE8484B6-E62A-45C9-84B4-911BCA11E13E}
		{A0187BC2-8325-4BB2-8697-7F955CF4173E} = {AE8484B6-E62A-45C9-84B4-911BCA11E13E}
		{66492E69-CE4C-4FB1-9B1F-88DEE09D06F1} = {AE8484B6-E62A-45C9-84B4-911BCA11E13E}
		{66DD7CD7-C68F-4D0E-9F3D-3B58C49D1467} = {AE8484B6-E62A-45C9-84B4-911BCA11E13E}
		{AAAF8157-1E33-4D6C-8319-3B304D018005} = {FD12D493-4455-400E-B49D-E7F2AFC912CB}
		{1CA98868-95B9-49F8-9EA4-8EE80659B311} = {D3936F7C-DE1B-44BA-850A-9BFDF3E68297}
		{ED6B4E9F-7AB3-4580-897D-A732A44D9EEE} = {D3936F7C-DE1B-44BA-850A-9BFDF3E68297}
		{0842D0D1-DEA3-4289-A9A6-B7613D63AAB6} = {D3936F7C-DE1B-44BA-850A-9BFDF3E68297}
		{AE4B24BC-76D0-4407-9213-8006025C06CC} = {D3936F7C-DE1B-44BA-850A-9BFDF3E68297}
		{0C35C99A-514B-4A28-95E0-A591315AFE0D} = {D3936F7C-DE1B-44BA-850A-9BFDF3E68297}
		{2FB9342F-CA85-4903-8667-45ED64AD25A6} = {FD12D493-4455-400E-B49D-E7F2AFC912CB}
		{F71E48D0-115A-4105-B332-FCCB2139DC23} = {FD12D493-4455-400E-B49D-E7F2AFC912CB}
		{CD4593FD-F70C-4485-ACAD-AC69DAD1BBB1} = {FD12D493-4455-400E-B49D-E7F2AFC912CB}
		{1F46BC62-A011-4B63-A5C6-51AEE2EF538D} = {FD12D493-4455-400E-B49D-E7F2AFC912CB}
	EndGlobalSection
	GlobalSection(ExtensibilityGlobals) = postSolution
		SolutionGuid = {4B81E755-42C5-47D1-B0C1-F50416F5EEA5}
	EndGlobalSection
EndGlobal
